<Solution>
  <Folder Name="/.solution/">
    <File Path="CLAUDE.md" />
    <File Path="Directory.Build.props" />
    <File Path="Directory.Packages.props" />
    <File Path="global.json" />
    <File Path="Local Node Dockefile.dockerfile" />
    <File Path="README.md" />
    <File Path="REQUIREMENTS.md" />
  </Folder>
  <Folder Name="/src/">
    <Project Path="src/AppHost/AppHost.csproj" />
    <Project Path="src/Core/Core.csproj" />
    <Project Path="src/CTraderOpenApi/CTraderOpenApi.csproj" />
    <Project Path="src/CopyEngine/CopyEngine.csproj" />
    <Project Path="src/ExternalNode/ExternalNode.csproj" />
    <Project Path="src/Infrastructure/Infrastructure.csproj" />
    <Project Path="src/Mcp/Mcp.csproj" />
    <Project Path="src/Nodes/Nodes.csproj" />
    <Project Path="src/Web/Web.csproj" />
  </Folder>
  <Folder Name="/tests/">
    <Project Path="tests/E2ETests/E2ETests.csproj" />
    <Project Path="tests/IntegrationTests/IntegrationTests.csproj" />
    <Project Path="tests/UnitTests/UnitTests.csproj" />
  </Folder>
</Solution>
